{
  "nodes": {
    "agenix": {
      "inputs": {
        "nixpkgs": "nixpkgs"
      },
      "locked": {
        "lastModified": 1665870395,
        "narHash": "sha256-Tsbqb27LDNxOoPLh0gw2hIb6L/6Ow/6lIBvqcHzEKBI=",
        "owner": "ryantm",
        "repo": "agenix",
        "rev": "a630400067c6d03c9b3e0455347dc8559db14288",
        "type": "github"
      },
      "original": {
        "owner": "ryantm",
        "repo": "agenix",
        "type": "github"
      }
    },
    "alejandra": {
      "inputs": {
        "fenix": "fenix",
        "flakeCompat": "flakeCompat",
        "nixpkgs": [
          "nixpkgs-unstable"
        ]
      },
      "locked": {
        "lastModified": 1666219214,
        "narHash": "sha256-t1eygBLgtXfEnVO0+39B3wrOHsC7gI8QVh+0vVX9wSU=",
        "owner": "kamadorueda",
        "repo": "alejandra",
        "rev": "c85ff49c7cef2c4b173e2b5f8a9e626e4f85ebda",
        "type": "github"
      },
      "original": {
        "owner": "kamadorueda",
        "repo": "alejandra",
        "type": "github"
      }
    },
    "base16-schemes": {
      "flake": false,
      "locked": {
        "lastModified": 1654895891,
        "narHash": "sha256-xYYmZkHnyLCUBAkqkZ7v1Lc5m39857MukQLMRtGuvdk=",
        "owner": "base16-project",
        "repo": "base16-schemes",
        "rev": "7c247f734eac7f04518c6e28d098635ee8dcabf5",
        "type": "github"
      },
      "original": {
        "owner": "base16-project",
        "repo": "base16-schemes",
        "type": "github"
      }
    },
    "clash-meta": {
      "inputs": {
        "nixpkgs": "nixpkgs_2",
        "utils": "utils"
      },
      "locked": {
        "lastModified": 1665214893,
        "narHash": "sha256-AAfJLXW/tNiQEJ3788pN52Qaa1duMUIZMrDo766IcRk=",
        "owner": "oluceps",
        "repo": "Clash.Meta",
        "rev": "3a04266142b5b4b68950d9c3da7731b6b05a60af",
        "type": "github"
      },
      "original": {
        "owner": "oluceps",
        "ref": "Alpha",
        "repo": "Clash.Meta",
        "type": "github"
      }
    },
    "crane": {
      "flake": false,
      "locked": {
        "lastModified": 1661875961,
        "narHash": "sha256-f1h/2c6Teeu1ofAHWzrS8TwBPcnN+EEu+z1sRVmMQTk=",
        "owner": "ipetkov",
        "repo": "crane",
        "rev": "d9f394e4e20e97c2a60c3ad82c2b6ef99be19e24",
        "type": "github"
      },
      "original": {
        "owner": "ipetkov",
        "repo": "crane",
        "type": "github"
      }
    },
    "devshell": {
      "flake": false,
      "locked": {
        "lastModified": 1660811669,
        "narHash": "sha256-V6lmsaLNFz41myppL0yxglta92ijkSvpZ+XVygAh+bU=",
        "owner": "numtide",
        "repo": "devshell",
        "rev": "c2feacb46ee69949124c835419861143c4016fb5",
        "type": "github"
      },
      "original": {
        "owner": "numtide",
        "repo": "devshell",
        "type": "github"
      }
    },
    "dream2nix": {
      "inputs": {
        "alejandra": [
          "helix",
          "nci",
          "nixpkgs"
        ],
        "crane": "crane",
        "devshell": [
          "helix",
          "nci",
          "devshell"
        ],
        "flake-utils-pre-commit": [
          "helix",
          "nci",
          "nixpkgs"
        ],
        "gomod2nix": [
          "helix",
          "nci",
          "nixpkgs"
        ],
        "mach-nix": [
          "helix",
          "nci",
          "nixpkgs"
        ],
        "nixpkgs": [
          "helix",
          "nci",
          "nixpkgs"
        ],
        "poetry2nix": [
          "helix",
          "nci",
          "nixpkgs"
        ],
        "pre-commit-hooks": [
          "helix",
          "nci",
          "nixpkgs"
        ]
      },
      "locked": {
        "lastModified": 1662176993,
        "narHash": "sha256-Sy7DsGAveDUFBb6YDsUSYZd/AcXfP/MOMIwMt/NgY84=",
        "owner": "nix-community",
        "repo": "dream2nix",
        "rev": "809bc5940214744eb29778a9a0b03f161979c1b2",
        "type": "github"
      },
      "original": {
        "owner": "nix-community",
        "repo": "dream2nix",
        "type": "github"
      }
    },
    "fenix": {
      "inputs": {
        "nixpkgs": [
          "alejandra",
          "nixpkgs"
        ],
        "rust-analyzer-src": "rust-analyzer-src"
      },
      "locked": {
        "lastModified": 1657607339,
        "narHash": "sha256-HaqoAwlbVVZH2n4P3jN2FFPMpVuhxDy1poNOR7kzODc=",
        "owner": "nix-community",
        "repo": "fenix",
        "rev": "b814c83d9e6aa5a28d0cf356ecfdafb2505ad37d",
        "type": "github"
      },
      "original": {
        "owner": "nix-community",
        "repo": "fenix",
        "type": "github"
      }
    },
    "fenix_2": {
      "inputs": {
        "nixpkgs": [
          "nur-pkgs",
          "nixpkgs"
        ],
        "rust-analyzer-src": "rust-analyzer-src_2"
      },
      "locked": {
        "lastModified": 1665989860,
        "narHash": "sha256-eRVidwTb9VRKd+tmK3qQwcm13B5k/aHBmfQkPeMgEtA=",
        "owner": "nix-community",
        "repo": "fenix",
        "rev": "e23a44bdd5160034a277a61e2b45bd1028ce218e",
        "type": "github"
      },
      "original": {
        "owner": "nix-community",
        "repo": "fenix",
        "type": "github"
      }
    },
    "flake-compat": {
      "flake": false,
      "locked": {
        "lastModified": 1650374568,
        "narHash": "sha256-Z+s0J8/r907g149rllvwhb4pKi8Wam5ij0st8PwAh+E=",
        "owner": "edolstra",
        "repo": "flake-compat",
        "rev": "b4a34015c698c7793d592d66adbab377907a2be8",
        "type": "github"
      },
      "original": {
        "owner": "edolstra",
        "repo": "flake-compat",
        "type": "github"
      }
    },
    "flake-utils": {
      "locked": {
        "lastModified": 1659877975,
        "narHash": "sha256-zllb8aq3YO3h8B/U0/J1WBgAL8EX5yWf5pMj3G0NAmc=",
        "owner": "numtide",
        "repo": "flake-utils",
        "rev": "c0e246b9b83f637f4681389ecabcb2681b4f3af0",
        "type": "github"
      },
      "original": {
        "owner": "numtide",
        "repo": "flake-utils",
        "type": "github"
      }
    },
    "flake-utils_2": {
      "locked": {
        "lastModified": 1656928814,
        "narHash": "sha256-RIFfgBuKz6Hp89yRr7+NR5tzIAbn52h8vT6vXkYjZoM=",
        "owner": "numtide",
        "repo": "flake-utils",
        "rev": "7e2a3b3dfd9af950a856d66b0a7d01e3c18aa249",
        "type": "github"
      },
      "original": {
        "owner": "numtide",
        "repo": "flake-utils",
        "type": "github"
      }
    },
    "flake-utils_3": {
      "locked": {
        "lastModified": 1642700792,
        "narHash": "sha256-XqHrk7hFb+zBvRg6Ghl+AZDq03ov6OshJLiSWOoX5es=",
        "owner": "numtide",
        "repo": "flake-utils",
        "rev": "846b2ae0fc4cc943637d3d1def4454213e203cba",
        "type": "github"
      },
      "original": {
        "owner": "numtide",
        "repo": "flake-utils",
        "type": "github"
      }
    },
    "flake-utils_4": {
      "locked": {
        "lastModified": 1659877975,
        "narHash": "sha256-zllb8aq3YO3h8B/U0/J1WBgAL8EX5yWf5pMj3G0NAmc=",
        "owner": "numtide",
        "repo": "flake-utils",
        "rev": "c0e246b9b83f637f4681389ecabcb2681b4f3af0",
        "type": "github"
      },
      "original": {
        "owner": "numtide",
        "repo": "flake-utils",
        "type": "github"
      }
    },
    "flake-utils_5": {
      "locked": {
        "lastModified": 1659877975,
        "narHash": "sha256-zllb8aq3YO3h8B/U0/J1WBgAL8EX5yWf5pMj3G0NAmc=",
        "owner": "numtide",
        "repo": "flake-utils",
        "rev": "c0e246b9b83f637f4681389ecabcb2681b4f3af0",
        "type": "github"
      },
      "original": {
        "owner": "numtide",
        "repo": "flake-utils",
        "type": "github"
      }
    },
    "flake-utils_6": {
      "locked": {
        "lastModified": 1659877975,
        "narHash": "sha256-zllb8aq3YO3h8B/U0/J1WBgAL8EX5yWf5pMj3G0NAmc=",
        "owner": "numtide",
        "repo": "flake-utils",
        "rev": "c0e246b9b83f637f4681389ecabcb2681b4f3af0",
        "type": "github"
      },
      "original": {
        "owner": "numtide",
        "repo": "flake-utils",
        "type": "github"
      }
    },
    "flakeCompat": {
      "flake": false,
      "locked": {
        "lastModified": 1650374568,
        "narHash": "sha256-Z+s0J8/r907g149rllvwhb4pKi8Wam5ij0st8PwAh+E=",
        "owner": "edolstra",
        "repo": "flake-compat",
        "rev": "b4a34015c698c7793d592d66adbab377907a2be8",
        "type": "github"
      },
      "original": {
        "owner": "edolstra",
        "repo": "flake-compat",
        "type": "github"
      }
    },
    "gomod2nix": {
      "inputs": {
        "nixpkgs": [
          "nixpkgs-unstable"
        ],
        "utils": "utils_2"
      },
      "locked": {
        "lastModified": 1662501203,
        "narHash": "sha256-4BKeqCX2zwgBiTdlc2DjGQ0CttKm0vSw0r/bdFdM/PQ=",
        "owner": "tweag",
        "repo": "gomod2nix",
        "rev": "89cd0675b96775aa3ee86e7c0cf5bc238dd27976",
        "type": "github"
      },
      "original": {
        "owner": "tweag",
        "repo": "gomod2nix",
        "type": "github"
      }
    },
    "grub2-themes": {
      "inputs": {
        "nixpkgs": "nixpkgs_3"
      },
      "locked": {
        "lastModified": 1665849452,
        "narHash": "sha256-wRCRHm530Ag3Rh4NFscvXV8ZQjUV1DVrdk7+zVgJfEM=",
        "owner": "vinceliuice",
        "repo": "grub2-themes",
        "rev": "b10a5fd4c82770f773917a8bec8ffc04b1cc9bc3",
        "type": "github"
      },
      "original": {
        "owner": "vinceliuice",
        "repo": "grub2-themes",
        "type": "github"
      }
    },
    "helix": {
      "inputs": {
        "nci": "nci",
        "nixpkgs": [
          "nixpkgs-unstable"
        ],
        "rust-overlay": "rust-overlay"
      },
      "locked": {
        "lastModified": 1666400690,
        "narHash": "sha256-VzJWMqOF6mppzv2KsRJ6LpD3xxYhVPk0018Qj1kBblk=",
        "owner": "helix-editor",
        "repo": "helix",
        "rev": "d7d0d5ffb79b6f2e09c6ab8af6e112c41e6f73e8",
        "type": "github"
      },
      "original": {
        "owner": "helix-editor",
        "repo": "helix",
        "type": "github"
      }
    },
    "home-manager": {
      "inputs": {
        "nixpkgs": [
          "nixpkgs-unstable"
        ],
        "utils": "utils_3"
      },
      "locked": {
        "lastModified": 1666253070,
        "narHash": "sha256-MtaNgghmfp+ywh5mv9FcspFT4ACaYINSN+D98PCkrP0=",
        "owner": "nix-community",
        "repo": "home-manager",
        "rev": "c485669ca529e01c1505429fa9017c9a93f15559",
        "type": "github"
      },
      "original": {
        "owner": "nix-community",
        "ref": "master",
        "repo": "home-manager",
        "type": "github"
      }
    },
    "hyprland": {
      "inputs": {
        "nixpkgs": [
          "nixpkgs-unstable"
        ],
        "wlroots": "wlroots"
      },
      "locked": {
        "lastModified": 1666453533,
        "narHash": "sha256-m98LXU2b5LaU7OZFpBIFMTk50VB4CFU30Qlzp6IsNUg=",
        "owner": "vaxerski",
        "repo": "Hyprland",
        "rev": "44cee0f5f84caf093871ccbc74778c9497ac8bbd",
        "type": "github"
      },
      "original": {
        "owner": "vaxerski",
        "repo": "Hyprland",
        "type": "github"
      }
    },
    "mach-nix": {
      "inputs": {
        "flake-utils": "flake-utils_3",
        "nixpkgs": "nixpkgs_4",
        "pypi-deps-db": "pypi-deps-db"
      },
      "locked": {
        "lastModified": 1662635943,
        "narHash": "sha256-1OBBlBzZ894or8eHZjyADOMnGH89pPUKYGVVS5rwW/0=",
        "owner": "DavHau",
        "repo": "mach-nix",
        "rev": "65266b5cc867fec2cb6a25409dd7cd12251f6107",
        "type": "github"
      },
      "original": {
        "owner": "DavHau",
        "repo": "mach-nix",
        "type": "github"
      }
    },
    "nci": {
      "inputs": {
        "devshell": "devshell",
        "dream2nix": "dream2nix",
        "nixpkgs": [
          "helix",
          "nixpkgs"
        ],
        "rust-overlay": [
          "helix",
          "rust-overlay"
        ]
      },
      "locked": {
        "lastModified": 1662177071,
        "narHash": "sha256-x6XF//RdZlw81tFAYM1TkjY+iQIpyMCWZ46r9o4wVQY=",
        "owner": "yusdacra",
        "repo": "nix-cargo-integration",
        "rev": "65270dea87bb82fc02102a15221677eea237680e",
        "type": "github"
      },
      "original": {
        "owner": "yusdacra",
        "repo": "nix-cargo-integration",
        "type": "github"
      }
    },
    "nix-colors": {
      "inputs": {
        "base16-schemes": "base16-schemes",
        "nixpkgs-lib": "nixpkgs-lib"
      },
      "locked": {
        "lastModified": 1664216202,
        "narHash": "sha256-7qXPLkgsXpi2nmxGN14DVZWMFw4QIx7foqEN6GXeTj8=",
        "owner": "misterio77",
        "repo": "nix-colors",
        "rev": "bb56fe29c3e16029a783b7a85354fc14098f2560",
        "type": "github"
      },
      "original": {
        "owner": "misterio77",
        "repo": "nix-colors",
        "type": "github"
      }
    },
    "nix-matlab": {
      "inputs": {
        "flake-compat": "flake-compat",
        "nixpkgs": [
          "nixpkgs-unstable"
        ]
      },
      "locked": {
        "lastModified": 1666450942,
        "narHash": "sha256-CqXYe41Bwo4bm5wqzlUdA5GGnQenpY/tI4JO6sgsL28=",
        "owner": "doronbehar",
        "repo": "nix-matlab",
        "rev": "b9b8feb2cefc0f9c239dc26b9f16ac8cc55f8802",
        "type": "gitlab"
      },
      "original": {
        "owner": "doronbehar",
        "repo": "nix-matlab",
        "type": "gitlab"
      }
    },
    "nixpkgs": {
      "locked": {
        "lastModified": 1665732960,
        "narHash": "sha256-WBZ+uSHKFyjvd0w4inbm0cNExYTn8lpYFcHEes8tmec=",
        "owner": "NixOS",
        "repo": "nixpkgs",
        "rev": "4428e23312933a196724da2df7ab78eb5e67a88e",
        "type": "github"
      },
      "original": {
        "owner": "NixOS",
        "ref": "nixos-unstable",
        "repo": "nixpkgs",
        "type": "github"
      }
    },
    "nixpkgs-22_05": {
      "locked": {
        "lastModified": 1665870850,
        "narHash": "sha256-EkC/Kkc9cr2orI868OHnh6F8/aqS4TZy38ie+KnhfS8=",
        "owner": "NixOS",
        "repo": "nixpkgs",
        "rev": "945a85cb7ee31f5f8c49432d77b610b777662d4f",
        "type": "github"
      },
      "original": {
        "owner": "NixOS",
        "ref": "release-22.05",
        "repo": "nixpkgs",
        "type": "github"
      }
    },
    "nixpkgs-lib": {
      "locked": {
        "lastModified": 1655599917,
        "narHash": "sha256-kjZbt5WdTrnjMxL79okg9TCoRUdADG50x/TWozbyTsE=",
        "owner": "nix-community",
        "repo": "nixpkgs.lib",
        "rev": "5fb55578aa2f1a502d636a8ac71aece57cb730bb",
        "type": "github"
      },
      "original": {
        "owner": "nix-community",
        "repo": "nixpkgs.lib",
        "type": "github"
      }
    },
    "nixpkgs-unstable": {
      "locked": {
        "lastModified": 1666377499,
        "narHash": "sha256-dZZCGvWcxc7oGnUgFVf0UeNHsJ4VhkTM0v5JRe8EwR8=",
        "owner": "NixOS",
        "repo": "nixpkgs",
        "rev": "301aada7a64812853f2e2634a530ef5d34505048",
        "type": "github"
      },
      "original": {
        "owner": "NixOS",
        "ref": "nixos-unstable",
        "repo": "nixpkgs",
        "type": "github"
      }
    },
    "nixpkgs_2": {
      "locked": {
        "lastModified": 1664705630,
        "narHash": "sha256-MLi1J9tIZQFj8v9RKmG89HJAE5ja3z4ui4Tf9+wG/bM=",
        "owner": "NixOS",
        "repo": "nixpkgs",
        "rev": "f71b215225dec75df6266ff7764d54c2e44ef226",
        "type": "github"
      },
      "original": {
        "owner": "NixOS",
        "ref": "master",
        "repo": "nixpkgs",
        "type": "github"
      }
    },
    "nixpkgs_3": {
      "locked": {
        "lastModified": 1666454850,
        "narHash": "sha256-TyP5n8k0uAxwmg81msWb08QXVTnE2tZAYoQq/H7h33A=",
        "owner": "NixOS",
        "repo": "nixpkgs",
        "rev": "31acb601e388eb7d552f137dbe5cb4677fdf1c3c",
        "type": "github"
      },
      "original": {
        "owner": "NixOS",
        "ref": "master",
        "repo": "nixpkgs",
        "type": "github"
      }
    },
    "nixpkgs_4": {
      "locked": {
        "lastModified": 1643805626,
        "narHash": "sha256-AXLDVMG+UaAGsGSpOtQHPIKB+IZ0KSd9WS77aanGzgc=",
        "owner": "NixOS",
        "repo": "nixpkgs",
        "rev": "554d2d8aa25b6e583575459c297ec23750adb6cb",
        "type": "github"
      },
      "original": {
        "id": "nixpkgs",
        "ref": "nixos-unstable",
        "type": "indirect"
      }
    },
    "nixpkgs_5": {
      "locked": {
        "lastModified": 1666377499,
        "narHash": "sha256-dZZCGvWcxc7oGnUgFVf0UeNHsJ4VhkTM0v5JRe8EwR8=",
        "owner": "NixOS",
        "repo": "nixpkgs",
        "rev": "301aada7a64812853f2e2634a530ef5d34505048",
        "type": "github"
      },
      "original": {
        "owner": "NixOS",
        "ref": "nixos-unstable",
        "repo": "nixpkgs",
        "type": "github"
      }
    },
    "nixpkgs_6": {
      "locked": {
        "lastModified": 1665296151,
        "narHash": "sha256-uOB0oxqxN9K7XGF1hcnY+PQnlQJ+3bP2vCn/+Ru/bbc=",
        "owner": "NixOS",
        "repo": "nixpkgs",
        "rev": "14ccaaedd95a488dd7ae142757884d8e125b3363",
        "type": "github"
      },
      "original": {
        "owner": "NixOS",
        "ref": "nixpkgs-unstable",
        "repo": "nixpkgs",
        "type": "github"
      }
    },
    "nixpkgs_7": {
      "locked": {
        "lastModified": 1665830552,
        "narHash": "sha256-qel2bZ9TqfW8WzWCWdjuCy4bVFhhGsEeqFv/bj1ka2s=",
        "owner": "NixOS",
        "repo": "nixpkgs",
        "rev": "26b7e6ab6a864c3e7e077bcb27a49f0480b9894a",
        "type": "github"
      },
      "original": {
        "owner": "NixOS",
        "ref": "nixpkgs-unstable",
        "repo": "nixpkgs",
        "type": "github"
      }
    },
    "nur": {
      "locked": {
        "lastModified": 1666445301,
        "narHash": "sha256-DSgAqhkFI2AVGlKhlSV80U/AAXHGaU90IZz3ORur5+k=",
        "owner": "nix-community",
        "repo": "NUR",
        "rev": "b104aa7bba45290685d35fa5642cd853bd9d1c5d",
        "type": "github"
      },
      "original": {
        "owner": "nix-community",
        "repo": "NUR",
        "type": "github"
      }
    },
    "nur-pkgs": {
      "inputs": {
        "fenix": "fenix_2",
        "flake-utils": "flake-utils_4",
        "nixpkgs": [
          "nixpkgs-unstable"
        ],
        "rust-overlay": "rust-overlay_2"
      },
      "locked": {
        "lastModified": 1666361862,
        "narHash": "sha256-BN19pbN8FPG9ijrLm+AB03998KPAGOwcPUGbgil9lDw=",
        "owner": "oluceps",
        "repo": "nur-pkgs",
        "rev": "f098f4c75b428350b53c6d3f402e1429c619a777",
        "type": "github"
      },
      "original": {
        "owner": "oluceps",
        "repo": "nur-pkgs",
        "type": "github"
      }
    },
    "pypi-deps-db": {
      "flake": false,
      "locked": {
        "lastModified": 1661155889,
        "narHash": "sha256-t00mBTZhmZBT4jteO6pJbU0wyRS6/ep4pKmQNeztEms=",
        "owner": "DavHau",
        "repo": "pypi-deps-db",
        "rev": "49c620f3de2b557c9d5c44f58a00fee59f27d1b0",
        "type": "github"
      },
      "original": {
        "owner": "DavHau",
        "repo": "pypi-deps-db",
        "type": "github"
      }
    },
    "pywmpkg": {
      "inputs": {
        "flake-utils": "flake-utils_6",
        "nixpkgs": [
          "nixpkgs-unstable"
        ]
      },
      "locked": {
        "lastModified": 1666033148,
        "narHash": "sha256-KNaTXo2ZDPFVYH7JBogV5z1M39KiNyMAH2cQSrLa7fs=",
        "owner": "jbuchermn",
        "repo": "pywm",
        "rev": "f20828d8c29dc430cf6d1e59e4fdf92dc3caf36a",
        "type": "github"
      },
      "original": {
        "owner": "jbuchermn",
        "repo": "pywm",
        "type": "github"
      }
    },
    "root": {
      "inputs": {
        "agenix": "agenix",
        "alejandra": "alejandra",
        "clash-meta": "clash-meta",
        "flake-utils": "flake-utils",
        "gomod2nix": "gomod2nix",
        "grub2-themes": "grub2-themes",
        "helix": "helix",
        "home-manager": "home-manager",
        "hyprland": "hyprland",
        "mach-nix": "mach-nix",
        "nix-colors": "nix-colors",
        "nix-matlab": "nix-matlab",
        "nixpkgs": "nixpkgs_5",
        "nixpkgs-unstable": "nixpkgs-unstable",
        "nur": "nur",
        "nur-pkgs": "nur-pkgs",
        "pywmpkg": "pywmpkg",
        "sops-nix": "sops-nix"
      }
    },
    "rust-analyzer-src": {
      "flake": false,
      "locked": {
        "lastModified": 1657557289,
        "narHash": "sha256-PRW+nUwuqNTRAEa83SfX+7g+g8nQ+2MMbasQ9nt6+UM=",
        "owner": "rust-lang",
        "repo": "rust-analyzer",
        "rev": "caf23f29144b371035b864a1017dbc32573ad56d",
        "type": "github"
      },
      "original": {
        "owner": "rust-lang",
        "ref": "nightly",
        "repo": "rust-analyzer",
        "type": "github"
      }
    },
    "rust-analyzer-src_2": {
      "flake": false,
      "locked": {
        "lastModified": 1665942021,
        "narHash": "sha256-vd+UsJSg+Y/iBRJvvvFsunxwXc0jz4JyJLQPChfgfRA=",
        "owner": "rust-lang",
        "repo": "rust-analyzer",
        "rev": "0531aab522f25d6aae30b2cc23a09f4b9257eedc",
        "type": "github"
      },
      "original": {
        "owner": "rust-lang",
        "ref": "nightly",
        "repo": "rust-analyzer",
        "type": "github"
      }
    },
    "rust-overlay": {
      "inputs": {
        "flake-utils": "flake-utils_2",
        "nixpkgs": [
          "helix",
          "nixpkgs"
        ]
      },
      "locked": {
        "lastModified": 1662087605,
        "narHash": "sha256-Gpf2gp2JenKGf+TylX/YJpttY2bzsnvAMLdLaxoZRyU=",
        "owner": "oxalica",
        "repo": "rust-overlay",
        "rev": "60c2cfaa8b90ed8cebd18b214fac8682dcf222dd",
        "type": "github"
      },
      "original": {
        "owner": "oxalica",
        "repo": "rust-overlay",
        "type": "github"
      }
    },
    "rust-overlay_2": {
      "inputs": {
        "flake-utils": "flake-utils_5",
        "nixpkgs": "nixpkgs_6"
      },
      "locked": {
        "lastModified": 1665975900,
        "narHash": "sha256-X8Xnnz9dOVkOY1/LJGf3FmzyaXkB1luVcozFl7bAmT4=",
        "owner": "oxalica",
        "repo": "rust-overlay",
        "rev": "ae87512a3e8ee5bfffd42dadce041e7bdcd05a38",
        "type": "github"
      },
      "original": {
        "owner": "oxalica",
        "repo": "rust-overlay",
        "type": "github"
      }
    },
    "sops-nix": {
      "inputs": {
        "nixpkgs": "nixpkgs_7",
        "nixpkgs-22_05": "nixpkgs-22_05"
      },
      "locked": {
        "lastModified": 1666078616,
        "narHash": "sha256-ifW3GhIxuKv5+AidKAPpmtS8M7TY2d7VS6eFnaCFdfU=",
        "owner": "Mic92",
        "repo": "sops-nix",
        "rev": "8e470d4eac115aa793437e52e84e7f9abdce236b",
        "type": "github"
      },
      "original": {
        "owner": "Mic92",
        "repo": "sops-nix",
        "type": "github"
      }
    },
    "utils": {
      "locked": {
        "lastModified": 1659877975,
        "narHash": "sha256-zllb8aq3YO3h8B/U0/J1WBgAL8EX5yWf5pMj3G0NAmc=",
        "owner": "numtide",
        "repo": "flake-utils",
        "rev": "c0e246b9b83f637f4681389ecabcb2681b4f3af0",
        "type": "github"
      },
      "original": {
        "owner": "numtide",
        "repo": "flake-utils",
        "type": "github"
      }
    },
    "utils_2": {
      "locked": {
        "lastModified": 1653893745,
        "narHash": "sha256-0jntwV3Z8//YwuOjzhV2sgJJPt+HY6KhU7VZUL0fKZQ=",
        "owner": "numtide",
        "repo": "flake-utils",
        "rev": "1ed9fb1935d260de5fe1c2f7ee0ebaae17ed2fa1",
        "type": "github"
      },
      "original": {
        "owner": "numtide",
        "repo": "flake-utils",
        "type": "github"
      }
    },
    "utils_3": {
      "locked": {
        "lastModified": 1659877975,
        "narHash": "sha256-zllb8aq3YO3h8B/U0/J1WBgAL8EX5yWf5pMj3G0NAmc=",
        "owner": "numtide",
        "repo": "flake-utils",
        "rev": "c0e246b9b83f637f4681389ecabcb2681b4f3af0",
        "type": "github"
      },
      "original": {
        "owner": "numtide",
        "repo": "flake-utils",
        "type": "github"
      }
    },
    "wlroots": {
      "flake": false,
      "locked": {
        "host": "gitlab.freedesktop.org",
        "lastModified": 1665405587,
        "narHash": "sha256-lVL48azhjGA/oEIcUSZQNwomNs0EzPxCcjgzyDST0PM=",
        "owner": "wlroots",
        "repo": "wlroots",
        "rev": "221ee83d440fb7dcbfd141ef3a459a5a973331b6",
        "type": "gitlab"
      },
      "original": {
        "host": "gitlab.freedesktop.org",
        "owner": "wlroots",
        "repo": "wlroots",
        "type": "gitlab"
      }
    }
  },
  "root": "root",
  "version": 7
}
